schema: '2.0'
stages:
  data_ingestion:
    cmd: python src/cnnClassifier/pipeline/stage_01_data_Ingestion.py
    deps:
    - path: config/config.yaml
      hash: md5
      md5: e2ace9b7036276f4b60cdc98ffdc4804
      size: 591
      isexec: true
    - path: src/cnnClassifier/pipeline/stage_01_data_Ingestion.py
      hash: md5
      md5: f5fd5d8738e1c80ed22c28f8f02d2943
      size: 872
      isexec: true
    outs:
    - path: artifacts/data_ingestion/demo kideny dataset
      hash: md5
      md5: 37515bb11b289cf75a2f07c53c8cceb9.dir
      size: 961115981
      nfiles: 7360
  prepare_base_model:
    cmd: python src/cnnClassifier/pipeline/stage_02_prepare_base_model.py
    deps:
    - path: config/config.yaml
      hash: md5
      md5: e2ace9b7036276f4b60cdc98ffdc4804
      size: 591
      isexec: true
    - path: src/cnnClassifier/pipeline/stage_02_prepare_base_model.py
      hash: md5
      md5: ea6d94a80336914a1669540ba0f64885
      size: 880
      isexec: true
    params:
      params.yaml:
        CLASSES: 2
        IMAGE_SIZE:
        - 224
        - 224
        - 3
        INCLUDE_TOP: false
        LEARNING_RATE: 0.01
        WEIGHTS: imagenet
    outs:
    - path: artifacts/prepare_base_model
      hash: md5
      md5: 3e76ac149ab0ac2cadf0493c5ad3d454.dir
      size: 118073246
      nfiles: 2
  training:
    cmd: python src/cnnClassifier/pipeline/stage_03_model_training.py
    deps:
    - path: artifacts/data_ingestion/demo kideny dataset
      hash: md5
      md5: 37515bb11b289cf75a2f07c53c8cceb9.dir
      size: 961115981
      nfiles: 7360
    - path: artifacts/prepare_base_model
      hash: md5
      md5: 3e76ac149ab0ac2cadf0493c5ad3d454.dir
      size: 118073246
      nfiles: 2
    - path: config/config.yaml
      hash: md5
      md5: e2ace9b7036276f4b60cdc98ffdc4804
      size: 591
      isexec: true
    - path: src/cnnClassifier/pipeline/stage_03_model_training.py
      hash: md5
      md5: 63f1bfe324be1741a272fcb61504a985
      size: 796
      isexec: true
    params:
      params.yaml:
        AUGMENTATION: true
        BATCH_SIZE: 16
        EPOCHS: 1
        IMAGE_SIZE:
        - 224
        - 224
        - 3
    outs:
    - path: artifacts/training/model.keras
      hash: md5
      md5: d9502ab9c64c6ff4a030b68e9193246a
      size: 59543570
      isexec: true
  evaluation:
    cmd: python src/cnnClassifier/pipeline/stage_04_model_evaluation.py
    deps:
    - path: artifacts/data_ingestion/demo kideny dataset
      hash: md5
      md5: 37515bb11b289cf75a2f07c53c8cceb9.dir
      size: 961115981
      nfiles: 7360
    - path: artifacts/training/model.keras
      hash: md5
      md5: d9502ab9c64c6ff4a030b68e9193246a
      size: 59543570
      isexec: true
    - path: src/cnnClassifier/pipeline/stage_04_model_evaluation.py
      hash: md5
      md5: 179b4077fc5a20be7eb6c85b4aa249c6
      size: 880
      isexec: true
    params:
      params.yaml:
        BATCH_SIZE: 16
        IMAGE_SIZE:
        - 224
        - 224
        - 3
    outs:
    - path: scores.json
      hash: md5
      md5: 199fa1434803560b7fd7d5a083ed60ba
      size: 69
      isexec: true
